PODS:
  - Socket.IO-Client-Swift (8.1.2)
  - WSK_iOS_SDK (0.0.3):
    - Socket.IO-Client-Swift (~> 8.1.2)

DEPENDENCIES:
  - WSK_iOS_SDK (~> 0.0.3)

SPEC CHECKSUMS:
  Socket.IO-Client-Swift: 542d82e6708f9901b3f6c1d134fb60fa0d09d4d1
  WSK_iOS_SDK: 9db2e68407beab391abafe5542967e51ca2a6d25

PODFILE CHECKSUM: 46cbfacb7e98fa329de0d8fdf18f382fc9222d4d

COCOAPODS: 1.1.1
