PODS:
  - Socket.IO-Client-Swift (8.0.2)
  - WSK_iOS_SDK (0.0.2):
    - Socket.IO-Client-Swift (~> 8.0.2)

DEPENDENCIES:
  - WSK_iOS_SDK (~> 0.0.2)

SPEC CHECKSUMS:
  Socket.IO-Client-Swift: 136598e4a81a42b0e6855e7f94a0e5a6efdc5ff8
  WSK_iOS_SDK: 7280dc0ea5f53507dc3b633766915c374f100b65

PODFILE CHECKSUM: 1b067fdeac60fc2520d27c73fbbb771cae055abe

COCOAPODS: 1.1.1
